
Microsoft Visual Studio Solution File, Format Version 12.00
# Visual Studio Version 17
VisualStudioVersion = 17.10.35013.160
MinimumVisualStudioVersion = 10.0.40219.1
Project("{FAE04EC0-301F-11D3-BF4B-00C04F79EFBC}") = "MyFirstUwpApp", "MyFirstUwpApp\MyFirstUwpApp.csproj", "{FF3B2548-9A84-4DD9-A6AA-35689FB64E24}"
EndProject
Global
	GlobalSection(SolutionConfigurationPlatforms) = preSolution
		Debug|ARM = Debug|ARM
		Debug|ARM64 = Debug|ARM64
		Debug|x64 = Debug|x64
		Debug|x86 = Debug|x86
		Release|ARM = Release|ARM
		Release|ARM64 = Release|ARM64
		Release|x64 = Release|x64
		Release|x86 = Release|x86
	EndGlobalSection
	GlobalSection(ProjectConfigurationPlatforms) = postSolution
		{FF3B2548-9A84-4DD9-A6AA-35689FB64E24}.Debug|ARM.ActiveCfg = Debug|ARM
		{FF3B2548-9A84-4DD9-A6AA-35689FB64E24}.Debug|ARM.Build.0 = Debug|ARM
		{FF3B2548-9A84-4DD9-A6AA-35689FB64E24}.Debug|ARM.Deploy.0 = Debug|ARM
		{FF3B2548-9A84-4DD9-A6AA-35689FB64E24}.Debug|ARM64.ActiveCfg = Debug|ARM64
		{FF3B2548-9A84-4DD9-A6AA-35689FB64E24}.Debug|ARM64.Build.0 = Debug|ARM64
		{FF3B2548-9A84-4DD9-A6AA-35689FB64E24}.Debug|ARM64.Deploy.0 = Debug|ARM64
		{FF3B2548-9A84-4DD9-A6AA-35689FB64E24}.Debug|x64.ActiveCfg = Debug|x64
		{FF3B2548-9A84-4DD9-A6AA-35689FB64E24}.Debug|x64.Build.0 = Debug|x64
		{FF3B2548-9A84-4DD9-A6AA-35689FB64E24}.Debug|x64.Deploy.0 = Debug|x64
		{FF3B2548-9A84-4DD9-A6AA-35689FB64E24}.Debug|x86.ActiveCfg = Debug|x86
		{FF3B2548-9A84-4DD9-A6AA-35689FB64E24}.Debug|x86.Build.0 = Debug|x86
		{FF3B2548-9A84-4DD9-A6AA-35689FB64E24}.Debug|x86.Deploy.0 = Debug|x86
		{FF3B2548-9A84-4DD9-A6AA-35689FB64E24}.Release|ARM.ActiveCfg = Release|ARM
		{FF3B2548-9A84-4DD9-A6AA-35689FB64E24}.Release|ARM.Build.0 = Release|ARM
		{FF3B2548-9A84-4DD9-A6AA-35689FB64E24}.Release|ARM.Deploy.0 = Release|ARM
		{FF3B2548-9A84-4DD9-A6AA-35689FB64E24}.Release|ARM64.ActiveCfg = Release|ARM64
		{FF3B2548-9A84-4DD9-A6AA-35689FB64E24}.Release|ARM64.Build.0 = Release|ARM64
		{FF3B2548-9A84-4DD9-A6AA-35689FB64E24}.Release|ARM64.Deploy.0 = Release|ARM64
		{FF3B2548-9A84-4DD9-A6AA-35689FB64E24}.Release|x64.ActiveCfg = Release|x64
		{FF3B2548-9A84-4DD9-A6AA-35689FB64E24}.Release|x64.Build.0 = Release|x64
		{FF3B2548-9A84-4DD9-A6AA-35689FB64E24}.Release|x64.Deploy.0 = Release|x64
		{FF3B2548-9A84-4DD9-A6AA-35689FB64E24}.Release|x86.ActiveCfg = Release|x86
		{FF3B2548-9A84-4DD9-A6AA-35689FB64E24}.Release|x86.Build.0 = Release|x86
		{FF3B2548-9A84-4DD9-A6AA-35689FB64E24}.Release|x86.Deploy.0 = Release|x86
	EndGlobalSection
	GlobalSection(SolutionProperties) = preSolution
		HideSolutionNode = FALSE
	EndGlobalSection
	GlobalSection(ExtensibilityGlobals) = postSolution
		SolutionGuid = {95D58F12-32E1-4BCD-AEC6-22181F9A5FF4}
	EndGlobalSection
EndGlobal
